
Microsoft Visual Studio Solution File, Format Version 12.00
# Visual Studio Version 16
VisualStudioVersion = 16.0.31306.274
MinimumVisualStudioVersion = 10.0.40219.1
Project("{FAE04EC0-301F-11D3-BF4B-00C04F79EFBC}") = "Migrations.Tests", "tests\Migrations.Tests\Migrations.Tests.csproj", "{6D86FB71-ACEF-442D-B410-96FDEDC9AF54}"
EndProject
Project("{FAE04EC0-301F-11D3-BF4B-00C04F79EFBC}") = "Migrations", "src\Migrations\Migrations.csproj", "{F8D93B85-D506-4F9F-B91D-C5C9D5593284}"
EndProject
Global
	GlobalSection(SolutionConfigurationPlatforms) = preSolution
		Debug|Any CPU = Debug|Any CPU
		Release|Any CPU = Release|Any CPU
	EndGlobalSection
	GlobalSection(ProjectConfigurationPlatforms) = postSolution
		{6D86FB71-ACEF-442D-B410-96FDEDC9AF54}.Debug|Any CPU.ActiveCfg = Debug|Any CPU
		{6D86FB71-ACEF-442D-B410-96FDEDC9AF54}.Debug|Any CPU.Build.0 = Debug|Any CPU
		{6D86FB71-ACEF-442D-B410-96FDEDC9AF54}.Release|Any CPU.ActiveCfg = Release|Any CPU
		{6D86FB71-ACEF-442D-B410-96FDEDC9AF54}.Release|Any CPU.Build.0 = Release|Any CPU
		{F8D93B85-D506-4F9F-B91D-C5C9D5593284}.Debug|Any CPU.ActiveCfg = Debug|Any CPU
		{F8D93B85-D506-4F9F-B91D-C5C9D5593284}.Debug|Any CPU.Build.0 = Debug|Any CPU
		{F8D93B85-D506-4F9F-B91D-C5C9D5593284}.Release|Any CPU.ActiveCfg = Release|Any CPU
		{F8D93B85-D506-4F9F-B91D-C5C9D5593284}.Release|Any CPU.Build.0 = Release|Any CPU
	EndGlobalSection
	GlobalSection(SolutionProperties) = preSolution
		HideSolutionNode = FALSE
	EndGlobalSection
	GlobalSection(ExtensibilityGlobals) = postSolution
		SolutionGuid = {6B762C50-5D11-4479-BBFF-143CC6C619B3}
	EndGlobalSection
EndGlobal
